
Microsoft Visual Studio Solution File, Format Version 12.00
# Visual Studio Version 16
VisualStudioVersion = 16.0.30413.136
MinimumVisualStudioVersion = 10.0.40219.1
Project("{FAE04EC0-301F-11D3-BF4B-00C04F79EFBC}") = "DeMoraiz.Alejandro.2A.TP3", "DeMoraiz.Alejandro.2A.TP3\DeMoraiz.Alejandro.2A.TP3.csproj", "{A0AAE3AD-3AB6-43D5-81A4-5688E670B145}"
EndProject
Project("{FAE04EC0-301F-11D3-BF4B-00C04F79EFBC}") = "Clases Abstractas", "Clases Abstractas\Clases Abstractas.csproj", "{82AD1F6F-E317-496C-BCF9-17A7C4C006E6}"
EndProject
Project("{FAE04EC0-301F-11D3-BF4B-00C04F79EFBC}") = "Archivos", "Archivos\Archivos.csproj", "{57D33D08-D4E0-4BED-A5CA-894F8C0D51E6}"
EndProject
Project("{FAE04EC0-301F-11D3-BF4B-00C04F79EFBC}") = "Clases Instanciables", "Clases Instanciables\Clases Instanciables.csproj", "{EFD84CBA-E95C-44F5-9935-647A9BCD26B2}"
EndProject
Project("{FAE04EC0-301F-11D3-BF4B-00C04F79EFBC}") = "Excepciones", "Excepciones\Excepciones.csproj", "{F2B11A9E-623D-4DFF-B2B4-F73C70253E27}"
EndProject
Project("{FAE04EC0-301F-11D3-BF4B-00C04F79EFBC}") = "TestUnitarios", "TestUnitarios\TestUnitarios.csproj", "{7C07A418-6FFF-4762-BD8A-A54BC1298E3B}"
EndProject
Global
	GlobalSection(SolutionConfigurationPlatforms) = preSolution
		Debug|Any CPU = Debug|Any CPU
		Release|Any CPU = Release|Any CPU
	EndGlobalSection
	GlobalSection(ProjectConfigurationPlatforms) = postSolution
		{A0AAE3AD-3AB6-43D5-81A4-5688E670B145}.Debug|Any CPU.ActiveCfg = Debug|Any CPU
		{A0AAE3AD-3AB6-43D5-81A4-5688E670B145}.Debug|Any CPU.Build.0 = Debug|Any CPU
		{A0AAE3AD-3AB6-43D5-81A4-5688E670B145}.Release|Any CPU.ActiveCfg = Release|Any CPU
		{A0AAE3AD-3AB6-43D5-81A4-5688E670B145}.Release|Any CPU.Build.0 = Release|Any CPU
		{82AD1F6F-E317-496C-BCF9-17A7C4C006E6}.Debug|Any CPU.ActiveCfg = Debug|Any CPU
		{82AD1F6F-E317-496C-BCF9-17A7C4C006E6}.Debug|Any CPU.Build.0 = Debug|Any CPU
		{82AD1F6F-E317-496C-BCF9-17A7C4C006E6}.Release|Any CPU.ActiveCfg = Release|Any CPU
		{82AD1F6F-E317-496C-BCF9-17A7C4C006E6}.Release|Any CPU.Build.0 = Release|Any CPU
		{57D33D08-D4E0-4BED-A5CA-894F8C0D51E6}.Debug|Any CPU.ActiveCfg = Debug|Any CPU
		{57D33D08-D4E0-4BED-A5CA-894F8C0D51E6}.Debug|Any CPU.Build.0 = Debug|Any CPU
		{57D33D08-D4E0-4BED-A5CA-894F8C0D51E6}.Release|Any CPU.ActiveCfg = Release|Any CPU
		{57D33D08-D4E0-4BED-A5CA-894F8C0D51E6}.Release|Any CPU.Build.0 = Release|Any CPU
		{EFD84CBA-E95C-44F5-9935-647A9BCD26B2}.Debug|Any CPU.ActiveCfg = Debug|Any CPU
		{EFD84CBA-E95C-44F5-9935-647A9BCD26B2}.Debug|Any CPU.Build.0 = Debug|Any CPU
		{EFD84CBA-E95C-44F5-9935-647A9BCD26B2}.Release|Any CPU.ActiveCfg = Release|Any CPU
		{EFD84CBA-E95C-44F5-9935-647A9BCD26B2}.Release|Any CPU.Build.0 = Release|Any CPU
		{F2B11A9E-623D-4DFF-B2B4-F73C70253E27}.Debug|Any CPU.ActiveCfg = Debug|Any CPU
		{F2B11A9E-623D-4DFF-B2B4-F73C70253E27}.Debug|Any CPU.Build.0 = Debug|Any CPU
		{F2B11A9E-623D-4DFF-B2B4-F73C70253E27}.Release|Any CPU.ActiveCfg = Release|Any CPU
		{F2B11A9E-623D-4DFF-B2B4-F73C70253E27}.Release|Any CPU.Build.0 = Release|Any CPU
		{7C07A418-6FFF-4762-BD8A-A54BC1298E3B}.Debug|Any CPU.ActiveCfg = Debug|Any CPU
		{7C07A418-6FFF-4762-BD8A-A54BC1298E3B}.Debug|Any CPU.Build.0 = Debug|Any CPU
		{7C07A418-6FFF-4762-BD8A-A54BC1298E3B}.Release|Any CPU.ActiveCfg = Release|Any CPU
		{7C07A418-6FFF-4762-BD8A-A54BC1298E3B}.Release|Any CPU.Build.0 = Release|Any CPU
	EndGlobalSection
	GlobalSection(SolutionProperties) = preSolution
		HideSolutionNode = FALSE
	EndGlobalSection
	GlobalSection(ExtensibilityGlobals) = postSolution
		SolutionGuid = {36428DDA-6D53-4897-B724-F8CA96D25316}
	EndGlobalSection
EndGlobal
