
Microsoft Visual Studio Solution File, Format Version 12.00
# Visual Studio Version 16
VisualStudioVersion = 16.0.30709.132
MinimumVisualStudioVersion = 10.0.40219.1
Project("{FAE04EC0-301F-11D3-BF4B-00C04F79EFBC}") = "vista", "vista\vista.csproj", "{ACA9D586-7905-4160-B7F3-BB4475834506}"
EndProject
Project("{FAE04EC0-301F-11D3-BF4B-00C04F79EFBC}") = "Entidades", "Entidades\Entidades.csproj", "{7521F079-2688-462D-AC00-128FE685D38E}"
EndProject
Project("{FAE04EC0-301F-11D3-BF4B-00C04F79EFBC}") = "CapaDatos", "CapaDatos\CapaDatos.csproj", "{CB9002EA-6F92-44E1-9C14-B0AD41EFF677}"
EndProject
Project("{FAE04EC0-301F-11D3-BF4B-00C04F79EFBC}") = "Excepciones", "Excepciones\Excepciones.csproj", "{FD26DF3A-28F3-4255-853A-27DABE4636E6}"
EndProject
Global
	GlobalSection(SolutionConfigurationPlatforms) = preSolution
		Debug|Any CPU = Debug|Any CPU
		Release|Any CPU = Release|Any CPU
	EndGlobalSection
	GlobalSection(ProjectConfigurationPlatforms) = postSolution
		{ACA9D586-7905-4160-B7F3-BB4475834506}.Debug|Any CPU.ActiveCfg = Debug|Any CPU
		{ACA9D586-7905-4160-B7F3-BB4475834506}.Debug|Any CPU.Build.0 = Debug|Any CPU
		{ACA9D586-7905-4160-B7F3-BB4475834506}.Release|Any CPU.ActiveCfg = Release|Any CPU
		{ACA9D586-7905-4160-B7F3-BB4475834506}.Release|Any CPU.Build.0 = Release|Any CPU
		{7521F079-2688-462D-AC00-128FE685D38E}.Debug|Any CPU.ActiveCfg = Debug|Any CPU
		{7521F079-2688-462D-AC00-128FE685D38E}.Debug|Any CPU.Build.0 = Debug|Any CPU
		{7521F079-2688-462D-AC00-128FE685D38E}.Release|Any CPU.ActiveCfg = Release|Any CPU
		{7521F079-2688-462D-AC00-128FE685D38E}.Release|Any CPU.Build.0 = Release|Any CPU
		{CB9002EA-6F92-44E1-9C14-B0AD41EFF677}.Debug|Any CPU.ActiveCfg = Debug|Any CPU
		{CB9002EA-6F92-44E1-9C14-B0AD41EFF677}.Debug|Any CPU.Build.0 = Debug|Any CPU
		{CB9002EA-6F92-44E1-9C14-B0AD41EFF677}.Release|Any CPU.ActiveCfg = Release|Any CPU
		{CB9002EA-6F92-44E1-9C14-B0AD41EFF677}.Release|Any CPU.Build.0 = Release|Any CPU
		{FD26DF3A-28F3-4255-853A-27DABE4636E6}.Debug|Any CPU.ActiveCfg = Debug|Any CPU
		{FD26DF3A-28F3-4255-853A-27DABE4636E6}.Debug|Any CPU.Build.0 = Debug|Any CPU
		{FD26DF3A-28F3-4255-853A-27DABE4636E6}.Release|Any CPU.ActiveCfg = Release|Any CPU
		{FD26DF3A-28F3-4255-853A-27DABE4636E6}.Release|Any CPU.Build.0 = Release|Any CPU
	EndGlobalSection
	GlobalSection(SolutionProperties) = preSolution
		HideSolutionNode = FALSE
	EndGlobalSection
	GlobalSection(ExtensibilityGlobals) = postSolution
		SolutionGuid = {D9512E6E-D58D-4B72-9671-7C3E12D9BA6D}
	EndGlobalSection
EndGlobal
